
Microsoft Visual Studio Solution File, Format Version 12.00
# Visual Studio Version 17
VisualStudioVersion = 17.11.35219.272
MinimumVisualStudioVersion = 10.0.40219.1
Project("{F184B08F-C81C-45F6-A57F-5ABD9991F28F}") = "UAS", "UAS\UAS.vbproj", "{CC0E2370-0F79-46C5-97B1-B525FC28F4DD}"
EndProject
Global
	GlobalSection(SolutionConfigurationPlatforms) = preSolution
		Debug|Any CPU = Debug|Any CPU
		Release|Any CPU = Release|Any CPU
	EndGlobalSection
	GlobalSection(ProjectConfigurationPlatforms) = postSolution
		{CC0E2370-0F79-46C5-97B1-B525FC28F4DD}.Debug|Any CPU.ActiveCfg = Debug|Any CPU
		{CC0E2370-0F79-46C5-97B1-B525FC28F4DD}.Debug|Any CPU.Build.0 = Debug|Any CPU
		{CC0E2370-0F79-46C5-97B1-B525FC28F4DD}.Release|Any CPU.ActiveCfg = Release|Any CPU
		{CC0E2370-0F79-46C5-97B1-B525FC28F4DD}.Release|Any CPU.Build.0 = Release|Any CPU
	EndGlobalSection
	GlobalSection(SolutionProperties) = preSolution
		HideSolutionNode = FALSE
	EndGlobalSection
	GlobalSection(ExtensibilityGlobals) = postSolution
		SolutionGuid = {DDD078E9-B908-473F-BB20-16AE7606A619}
	EndGlobalSection
EndGlobal
